
Microsoft Visual Studio Solution File, Format Version 12.00
# Visual Studio Version 17
VisualStudioVersion = 17.5.002.0
MinimumVisualStudioVersion = 10.0.40219.1
Project("{9A19103F-16F7-4668-BE54-9A1E7A4F7556}") = "MVC", "MVC\MVC.csproj", "{26989896-A565-4667-9B60-4014D4898DAC}"
EndProject
Project("{9A19103F-16F7-4668-BE54-9A1E7A4F7556}") = "Repositories", "Repositories\Repositories.csproj", "{67D5E737-0075-4CE5-B736-034C3D44F4EE}"
EndProject
Global
	GlobalSection(SolutionConfigurationPlatforms) = preSolution
		Debug|Any CPU = Debug|Any CPU
		Release|Any CPU = Release|Any CPU
	EndGlobalSection
	GlobalSection(ProjectConfigurationPlatforms) = postSolution
		{26989896-A565-4667-9B60-4014D4898DAC}.Debug|Any CPU.ActiveCfg = Debug|Any CPU
		{26989896-A565-4667-9B60-4014D4898DAC}.Debug|Any CPU.Build.0 = Debug|Any CPU
		{26989896-A565-4667-9B60-4014D4898DAC}.Release|Any CPU.ActiveCfg = Release|Any CPU
		{26989896-A565-4667-9B60-4014D4898DAC}.Release|Any CPU.Build.0 = Release|Any CPU
		{67D5E737-0075-4CE5-B736-034C3D44F4EE}.Debug|Any CPU.ActiveCfg = Debug|Any CPU
		{67D5E737-0075-4CE5-B736-034C3D44F4EE}.Debug|Any CPU.Build.0 = Debug|Any CPU
		{67D5E737-0075-4CE5-B736-034C3D44F4EE}.Release|Any CPU.ActiveCfg = Release|Any CPU
		{67D5E737-0075-4CE5-B736-034C3D44F4EE}.Release|Any CPU.Build.0 = Release|Any CPU
	EndGlobalSection
	GlobalSection(SolutionProperties) = preSolution
		HideSolutionNode = FALSE
	EndGlobalSection
	GlobalSection(ExtensibilityGlobals) = postSolution
		SolutionGuid = {7BC304E0-A50E-449A-A72B-B25EBC252190}
	EndGlobalSection
EndGlobal
